
Microsoft Visual Studio Solution File, Format Version 12.00
# Visual Studio Version 16
VisualStudioVersion = 16.0.33027.164
MinimumVisualStudioVersion = 10.0.40219.1
Project("{F184B08F-C81C-45F6-A57F-5ABD9991F28F}") = "Game of Connecting Four", "Game of Connecting Four\Game of Connecting Four.vbproj", "{C8E20906-EFCA-4150-80A3-3197286A6337}"
EndProject
Global
	GlobalSection(SolutionConfigurationPlatforms) = preSolution
		Debug|Any CPU = Debug|Any CPU
		Release|Any CPU = Release|Any CPU
	EndGlobalSection
	GlobalSection(ProjectConfigurationPlatforms) = postSolution
		{C8E20906-EFCA-4150-80A3-3197286A6337}.Debug|Any CPU.ActiveCfg = Debug|Any CPU
		{C8E20906-EFCA-4150-80A3-3197286A6337}.Debug|Any CPU.Build.0 = Debug|Any CPU
		{C8E20906-EFCA-4150-80A3-3197286A6337}.Release|Any CPU.ActiveCfg = Release|Any CPU
		{C8E20906-EFCA-4150-80A3-3197286A6337}.Release|Any CPU.Build.0 = Release|Any CPU
	EndGlobalSection
	GlobalSection(SolutionProperties) = preSolution
		HideSolutionNode = FALSE
	EndGlobalSection
	GlobalSection(ExtensibilityGlobals) = postSolution
		SolutionGuid = {044F62CD-004A-42AD-8DB9-8116FEB9A92B}
	EndGlobalSection
EndGlobal
